# Pinned models-as-a-service source for ai-gateway-controller e2e.
#
# Includes the rate-group TRLP contract and subscription-deletion test.
#
# Validate e2e when bumping this pin.
# Override for one-off runs without editing this file:
#   MAAS_COMMIT=<sha> ./test/e2e/scripts/prow_run_ai_gateway_controller_test.sh
maas_repo=https://github.com/opendatahub-io/models-as-a-service
maas_commit=26e3116f6ddbe50a73fe9c31b61fbd6d3c817411
maas_ref=main
updated_at=2026-09-27T03:55:47Z
