# Pinned models-as-a-service source for ai-gateway-controller e2e.
#
# Includes short subscription IDs in TRLP predicates (#1546) and cascade-deletion tests.
#
# Validate e2e when bumping this pin. E2E also deploys the MaaS images built from this
# commit (test/e2e/scripts/maas-image-defaults.sh), so pin a models-as-a-service main commit
# that published both maas-api and maas-controller images (maas-api builds only on its changes).
# Override for one-off runs without editing this file:
#   MAAS_COMMIT=<sha> ./test/e2e/scripts/prow_run_ai_gateway_controller_test.sh
maas_repo=https://github.com/opendatahub-io/models-as-a-service
maas_commit=090cc5d1a52a82f75b81a0a104f0d244c9a0ab9f
maas_ref=main
updated_at=2026-10-06T18:06:56Z
